Microsoft Visual Studio Solution File, Format Version 11.00
# Visual Studio 2008

Project("{8254DBFF-B994-CE82-E016-B31F347A3CC5}") = "2D tutorial ws12", "Assembly-CSharp-firstpass.csproj", "{4EED8020-32DB-7768-90AB-49F8E35A531C}"
EndProject
Project("{8254DBFF-B994-CE82-E016-B31F347A3CC5}") = "2D tutorial ws12", "Assembly-CSharp.csproj", "{B38483E6-4020-8CE2-DE5E-B8CC79AC99BA}"
EndProject
Project("{8254DBFF-B994-CE82-E016-B31F347A3CC5}") = "2D tutorial ws12", "Assembly-CSharp-Editor.csproj", "{3EBFCB74-4735-B256-0259-C8DCCDB5CF88}"
EndProject
Global
	GlobalSection(SolutionConfigurationPlatforms) = preSolution
		Debug|Any CPU = Debug|Any CPU
		Release|Any CPU = Release|Any CPU
	EndGlobalSection
	GlobalSection(ProjectConfigurationPlatforms) = postSolution
		{4EED8020-32DB-7768-90AB-49F8E35A531C}.Debug|Any CPU.ActiveCfg = Debug|Any CPU
		{4EED8020-32DB-7768-90AB-49F8E35A531C}.Debug|Any CPU.Build.0 = Debug|Any CPU
		{4EED8020-32DB-7768-90AB-49F8E35A531C}.Release|Any CPU.ActiveCfg = Release|Any CPU
		{4EED8020-32DB-7768-90AB-49F8E35A531C}.Release|Any CPU.Build.0 = Release|Any CPU
		{B38483E6-4020-8CE2-DE5E-B8CC79AC99BA}.Debug|Any CPU.ActiveCfg = Debug|Any CPU
		{B38483E6-4020-8CE2-DE5E-B8CC79AC99BA}.Debug|Any CPU.Build.0 = Debug|Any CPU
		{B38483E6-4020-8CE2-DE5E-B8CC79AC99BA}.Release|Any CPU.ActiveCfg = Release|Any CPU
		{B38483E6-4020-8CE2-DE5E-B8CC79AC99BA}.Release|Any CPU.Build.0 = Release|Any CPU
		{3EBFCB74-4735-B256-0259-C8DCCDB5CF88}.Debug|Any CPU.ActiveCfg = Debug|Any CPU
		{3EBFCB74-4735-B256-0259-C8DCCDB5CF88}.Debug|Any CPU.Build.0 = Debug|Any CPU
		{3EBFCB74-4735-B256-0259-C8DCCDB5CF88}.Release|Any CPU.ActiveCfg = Release|Any CPU
		{3EBFCB74-4735-B256-0259-C8DCCDB5CF88}.Release|Any CPU.Build.0 = Release|Any CPU
	EndGlobalSection
	GlobalSection(SolutionProperties) = preSolution
		HideSolutionNode = FALSE
	EndGlobalSection
																							GlobalSection(MonoDevelopProperties) = preSolution
		StartupItem = Assembly-CSharp.csproj
		Policies = $0
		$0.TextStylePolicy = $1
		$1.inheritsSet = null
		$1.scope = text/x-csharp
		$0.CSharpFormattingPolicy = $2
		$2.inheritsSet = Mono
		$2.inheritsScope = text/x-csharp
		$2.scope = text/x-csharp
		$0.TextStylePolicy = $3
		$3.FileWidth = 120
		$3.TabWidth = 4
		$3.EolMarker = Unix
		$3.inheritsSet = Mono
		$3.inheritsScope = text/plain
		$3.scope = text/plain
	EndGlobalSection

EndGlobal
